{
  "name": "server",
  "version": "1.0.0",
  "lockfileVersion": 1,
  "requires": true,
  "dependencies": {
    "foo": {
      "version": "file:../npm/foo-v2"
    },
    "typescript": {
      "version": "4.3.0-dev.20210305",
      "resolved": "https://registry.npmjs.org/typescript/-/typescript-4.3.0-dev.20210305.tgz",
      "integrity": "sha512-OTALeeen7kl6FU1tcXRk3h+WY1NnE5lwyTGAZUCt9hw6tdaifgLXqEkfw9NHJc0xKV6PnU8GgnYFFVVyHLPSHg==",
      "dev": true
    }
  }
}
